<?xml version="1.0" encoding="UTF-8"?>
<CONFIG>
  <ProjectOptions>
    <Version Value="12"/>
    <General>
      <Flags>
        <CompatibilityMode Value="True"/>
      </Flags>
      <SessionStorage Value="InProjectDir"/>
      <AutoCreateForms Value="False"/>
      <Title Value="brewbuddy"/>
      <UseAppBundle Value="False"/>
      <ResourceType Value="res"/>
    </General>
    <i18n>
      <EnableI18N LFM="False"/>
    </i18n>
    <VersionInfo>
      <UseVersionInfo Value="True"/>
      <MajorVersionNr Value="5"/>
      <MinorVersionNr Value="4"/>
      <Language Value="0413"/>
      <StringTable CompanyName="Brouwerij Het Witte Paard" FileDescription="BrewBuddy Sassy Saison" InternalName="BrewBuddy" OriginalFilename="BrewBuddy" ProductName="BrewBuddy" ProductVersion="5.3.5.2"/>
    </VersionInfo>
    <BuildModes Count="1">
      <Item1 Name="Default" Default="True"/>
      <SharedMatrixOptions Count="1">
        <Item1 ID="145796033062" Modes="Default" Value="-dDisableUTF8RTL"/>
      </SharedMatrixOptions>
    </BuildModes>
    <PublishOptions>
      <Version Value="2"/>
    </PublishOptions>
    <RunParams>
      <FormatVersion Value="2"/>
      <Modes Count="1">
        <Mode0 Name="default"/>
      </Modes>
    </RunParams>
    <RequiredPackages Count="7">
      <Item1>
        <PackageName Value="TAChartPrint"/>
      </Item1>
      <Item2>
        <PackageName Value="Pexpandpanels"/>
      </Item2>
      <Item3>
        <PackageName Value="uniqueinstance_package"/>
      </Item3>
      <Item4>
        <PackageName Value="laz_synapse"/>
        <MinVersion Valid="True"/>
      </Item4>
      <Item5>
        <PackageName Value="Printer4Lazarus"/>
      </Item5>
      <Item6>
        <PackageName Value="TAChartLazarusPkg"/>
        <MinVersion Major="1" Valid="True"/>
      </Item6>
      <Item7>
        <PackageName Value="LCL"/>
      </Item7>
    </RequiredPackages>
    <Units Count="55">
      <Unit0>
        <Filename Value="brewbuddy.pas"/>
        <IsPartOfProject Value="True"/>
      </Unit0>
      <Unit1>
        <Filename Value="UserInterface/Forms/frmain.pas"/>
        <IsPartOfProject Value="True"/>
        <ComponentName Value="frmMain"/>
        <HasResources Value="True"/>
        <ResourceBaseClass Value="Form"/>
        <UnitName Value="FrMain"/>
      </Unit1>
      <Unit2>
        <Filename Value="Units/data.pas"/>
        <IsPartOfProject Value="True"/>
        <UnitName Value="Data"/>
      </Unit2>
      <Unit3>
        <Filename Value="Units/hulpfuncties.pas"/>
        <IsPartOfProject Value="True"/>
        <UnitName Value="Hulpfuncties"/>
      </Unit3>
      <Unit4>
        <Filename Value="Units/containers.pas"/>
        <IsPartOfProject Value="True"/>
        <UnitName Value="Containers"/>
      </Unit4>
      <Unit5>
        <Filename Value="UserInterface/Forms/frbeerstyles.pas"/>
        <IsPartOfProject Value="True"/>
        <ComponentName Value="FrmBeerstyles"/>
        <HasResources Value="True"/>
        <ResourceBaseClass Value="Form"/>
        <UnitName Value="FrBeerstyles"/>
      </Unit5>
      <Unit6>
        <Filename Value="UserInterface/Forms/frhop2.pas"/>
        <IsPartOfProject Value="True"/>
        <ComponentName Value="FrmHop2"/>
        <HasResources Value="True"/>
        <ResourceBaseClass Value="Form"/>
        <UnitName Value="FrHop2"/>
      </Unit6>
      <Unit7>
        <Filename Value="UserInterface/Forms/frquestion.pas"/>
        <IsPartOfProject Value="True"/>
        <ComponentName Value="FrmQuestion"/>
        <HasResources Value="True"/>
        <ResourceBaseClass Value="Form"/>
        <UnitName Value="frQuestion"/>
      </Unit7>
      <Unit8>
        <Filename Value="UserInterface/Forms/frgetstring.pas"/>
        <IsPartOfProject Value="True"/>
        <ComponentName Value="FrmGetString"/>
        <HasResources Value="True"/>
        <ResourceBaseClass Value="Form"/>
      </Unit8>
      <Unit9>
        <Filename Value="UserInterface/Forms/frequipments.pas"/>
        <IsPartOfProject Value="True"/>
        <ComponentName Value="FrmEquipments"/>
        <HasResources Value="True"/>
        <ResourceBaseClass Value="Form"/>
        <UnitName Value="FrEquipments"/>
      </Unit9>
      <Unit10>
        <Filename Value="UserInterface/Forms/frfermentables2.pas"/>
        <IsPartOfProject Value="True"/>
        <ComponentName Value="FrmFermentables2"/>
        <HasResources Value="True"/>
        <ResourceBaseClass Value="Form"/>
        <UnitName Value="FrFermentables2"/>
      </Unit10>
      <Unit11>
        <Filename Value="UserInterface/Forms/frmiscs2.pas"/>
        <IsPartOfProject Value="True"/>
        <ComponentName Value="FrmMiscs2"/>
        <HasResources Value="True"/>
        <ResourceBaseClass Value="Form"/>
        <UnitName Value="FrMiscs2"/>
      </Unit11>
      <Unit12>
        <Filename Value="UserInterface/Forms/frmashs.pas"/>
        <IsPartOfProject Value="True"/>
        <ComponentName Value="FrmMashs"/>
        <HasResources Value="True"/>
        <ResourceBaseClass Value="Form"/>
      </Unit12>
      <Unit13>
        <Filename Value="UserInterface/Forms/fryeasts2.pas"/>
        <IsPartOfProject Value="True"/>
        <ComponentName Value="FrmYeasts2"/>
        <HasResources Value="True"/>
        <ResourceBaseClass Value="Form"/>
        <UnitName Value="FrYeasts2"/>
      </Unit13>
      <Unit14>
        <Filename Value="UserInterface/Forms/frwaters.pas"/>
        <IsPartOfProject Value="True"/>
        <ComponentName Value="FrmWaters"/>
        <HasResources Value="True"/>
        <ResourceBaseClass Value="Form"/>
        <UnitName Value="FrWaters"/>
      </Unit14>
      <Unit15>
        <Filename Value="UserInterface/Forms/frmashstep.pas"/>
        <IsPartOfProject Value="True"/>
        <ComponentName Value="FrmMashStep"/>
        <HasResources Value="True"/>
        <ResourceBaseClass Value="Form"/>
      </Unit15>
      <Unit16>
        <Filename Value="UserInterface/Forms/frfermentables.pas"/>
        <IsPartOfProject Value="True"/>
        <ComponentName Value="FrmFermentables"/>
        <HasResources Value="True"/>
        <ResourceBaseClass Value="Form"/>
        <UnitName Value="FrFermentables"/>
      </Unit16>
      <Unit17>
        <Filename Value="Units/positieinterval.pas"/>
        <IsPartOfProject Value="True"/>
        <UnitName Value="PositieInterval"/>
      </Unit17>
      <Unit18>
        <Filename Value="UserInterface/Forms/frhop.pas"/>
        <IsPartOfProject Value="True"/>
        <ComponentName Value="FrmHop"/>
        <HasResources Value="True"/>
        <ResourceBaseClass Value="Form"/>
        <UnitName Value="FrHop"/>
      </Unit18>
      <Unit19>
        <Filename Value="UserInterface/Forms/frmiscs.pas"/>
        <IsPartOfProject Value="True"/>
        <ComponentName Value="FrmMiscs"/>
        <HasResources Value="True"/>
        <ResourceBaseClass Value="Form"/>
        <UnitName Value="FrMiscs"/>
      </Unit19>
      <Unit20>
        <Filename Value="UserInterface/Forms/fryeasts.pas"/>
        <IsPartOfProject Value="True"/>
        <ComponentName Value="FrmYeasts"/>
        <HasResources Value="True"/>
        <ResourceBaseClass Value="Form"/>
        <UnitName Value="FrYeasts"/>
      </Unit20>
      <Unit21>
        <Filename Value="UserInterface/Forms/frmiscs3.pas"/>
        <IsPartOfProject Value="True"/>
        <ComponentName Value="FrmMiscs3"/>
        <HasResources Value="True"/>
        <ResourceBaseClass Value="Form"/>
      </Unit21>
      <Unit22>
        <Filename Value="UserInterface/Forms/frfermentables3.pas"/>
        <IsPartOfProject Value="True"/>
        <ComponentName Value="FrmFermentables3"/>
        <HasResources Value="True"/>
        <ResourceBaseClass Value="Form"/>
      </Unit22>
      <Unit23>
        <Filename Value="UserInterface/Forms/frhop3.pas"/>
        <IsPartOfProject Value="True"/>
        <ComponentName Value="FrmHop3"/>
        <HasResources Value="True"/>
        <ResourceBaseClass Value="Form"/>
      </Unit23>
      <Unit24>
        <Filename Value="UserInterface/Forms/frwateradjustment.pas"/>
        <IsPartOfProject Value="True"/>
        <ComponentName Value="FrmWaterAdjustment"/>
        <HasResources Value="True"/>
        <ResourceBaseClass Value="Form"/>
      </Unit24>
      <Unit25>
        <Filename Value="UserInterface/Forms/frnotification.pas"/>
        <IsPartOfProject Value="True"/>
        <ComponentName Value="FrmNotification"/>
        <HasResources Value="True"/>
        <ResourceBaseClass Value="Form"/>
        <UnitName Value="FrNotification"/>
      </Unit25>
      <Unit26>
        <Filename Value="UserInterface/Forms/frmeasurements.pas"/>
        <IsPartOfProject Value="True"/>
        <ComponentName Value="frmMeasurements"/>
        <HasResources Value="True"/>
        <ResourceBaseClass Value="Form"/>
      </Unit26>
      <Unit27>
        <Filename Value="UserInterface/Forms/frimport.pas"/>
        <IsPartOfProject Value="True"/>
        <ComponentName Value="FrmImport"/>
        <HasResources Value="True"/>
        <ResourceBaseClass Value="Form"/>
      </Unit27>
      <Unit28>
        <Filename Value="UserInterface/Forms/frselectbeerstyle.pas"/>
        <IsPartOfProject Value="True"/>
        <ComponentName Value="FrmSelectBeerStyle"/>
        <HasResources Value="True"/>
        <ResourceBaseClass Value="Form"/>
      </Unit28>
      <Unit29>
        <Filename Value="UserInterface/Forms/frrecipetobrew.pas"/>
        <IsPartOfProject Value="True"/>
        <ComponentName Value="frmRecipeToBrew"/>
        <HasResources Value="True"/>
        <ResourceBaseClass Value="Form"/>
      </Unit29>
      <Unit30>
        <Filename Value="Units/bh_report.pas"/>
        <IsPartOfProject Value="True"/>
        <UnitName Value="BH_report"/>
      </Unit30>
      <Unit31>
        <Filename Value="UserInterface/Forms/frprintpreview.pas"/>
        <IsPartOfProject Value="True"/>
        <ComponentName Value="FrmPrintPreview"/>
        <HasResources Value="True"/>
        <ResourceBaseClass Value="Form"/>
      </Unit31>
      <Unit32>
        <Filename Value="Units/bhprintforms.pas"/>
        <IsPartOfProject Value="True"/>
        <UnitName Value="BHprintforms"/>
      </Unit32>
      <Unit33>
        <Filename Value="UserInterface/Forms/frpropagation.pas"/>
        <IsPartOfProject Value="True"/>
        <ComponentName Value="FrmPropagation"/>
        <HasResources Value="True"/>
        <ResourceBaseClass Value="Form"/>
      </Unit33>
      <Unit34>
        <Filename Value="UserInterface/Forms/frrefractometer.pas"/>
        <IsPartOfProject Value="True"/>
        <ComponentName Value="FrmRefractometer"/>
        <HasResources Value="True"/>
        <ResourceBaseClass Value="Form"/>
      </Unit34>
      <Unit35>
        <Filename Value="UserInterface/Forms/frboilmethod.pas"/>
        <IsPartOfProject Value="True"/>
        <ComponentName Value="FrmBoilMethod"/>
        <HasResources Value="True"/>
        <ResourceBaseClass Value="Form"/>
      </Unit35>
      <Unit36>
        <Filename Value="UserInterface/Forms/fdatabaselocation.pas"/>
        <IsPartOfProject Value="True"/>
        <ComponentName Value="FrmDatabaseLocation"/>
        <HasResources Value="True"/>
        <ResourceBaseClass Value="Form"/>
      </Unit36>
      <Unit37>
        <Filename Value="Units/umulfit.pas"/>
        <IsPartOfProject Value="True"/>
      </Unit37>
      <Unit38>
        <Filename Value="Units/utypes.pas"/>
        <IsPartOfProject Value="True"/>
      </Unit38>
      <Unit39>
        <Filename Value="UserInterface/Forms/frdividebrew.pas"/>
        <IsPartOfProject Value="True"/>
        <ComponentName Value="FrmDivideBrew"/>
        <HasResources Value="True"/>
        <ResourceBaseClass Value="Form"/>
      </Unit39>
      <Unit40>
        <Filename Value="UserInterface/Forms/fryeasts3.pas"/>
        <IsPartOfProject Value="True"/>
        <ComponentName Value="FrmYeasts3"/>
        <HasResources Value="True"/>
        <ResourceBaseClass Value="Form"/>
      </Unit40>
      <Unit41>
        <Filename Value="UserInterface/Forms/frchoosebeerstyle.pas"/>
        <IsPartOfProject Value="True"/>
        <ComponentName Value="FrmChooseBeerstyle"/>
        <HasResources Value="True"/>
        <ResourceBaseClass Value="Form"/>
      </Unit41>
      <Unit42>
        <Filename Value="UserInterface/Forms/frchoosebrewschars.pas"/>
        <IsPartOfProject Value="True"/>
        <ComponentName Value="FrmChooseBrewChars"/>
        <HasResources Value="True"/>
        <ResourceBaseClass Value="Form"/>
      </Unit42>
      <Unit43>
        <Filename Value="UserInterface/Forms/frsplash.pas"/>
        <IsPartOfProject Value="True"/>
        <ComponentName Value="FrmSplash"/>
        <HasResources Value="True"/>
        <ResourceBaseClass Value="Form"/>
      </Unit43>
      <Unit44>
        <Filename Value="UserInterface/Forms/frinfo.pas"/>
        <IsPartOfProject Value="True"/>
        <ComponentName Value="frmInfo"/>
        <HasResources Value="True"/>
        <ResourceBaseClass Value="Form"/>
      </Unit44>
      <Unit45>
        <Filename Value="Units/vinfo.pas"/>
        <IsPartOfProject Value="True"/>
      </Unit45>
      <Unit46>
        <Filename Value="UserInterface/Forms/frsynchronize.pas"/>
        <IsPartOfProject Value="True"/>
        <ComponentName Value="frmFTPList"/>
        <HasResources Value="True"/>
        <ResourceBaseClass Value="Form"/>
      </Unit46>
      <Unit47>
        <Filename Value="UserInterface/Forms/frchoosebrews.pas"/>
        <IsPartOfProject Value="True"/>
        <ComponentName Value="frmChooseBrewsList"/>
        <HasResources Value="True"/>
        <ResourceBaseClass Value="Form"/>
      </Unit47>
      <Unit48>
        <Filename Value="UserInterface/Forms/frgristwizard.pas"/>
        <IsPartOfProject Value="True"/>
        <ComponentName Value="FrmGristWizard"/>
        <HasResources Value="True"/>
        <ResourceBaseClass Value="Form"/>
      </Unit48>
      <Unit49>
        <Filename Value="Units/cloud.pas"/>
        <IsPartOfProject Value="True"/>
      </Unit49>
      <Unit50>
        <Filename Value="UserInterface/Forms/frsettings.pas"/>
        <IsPartOfProject Value="True"/>
        <ComponentName Value="frmSettings"/>
        <HasResources Value="True"/>
        <ResourceBaseClass Value="Form"/>
      </Unit50>
      <Unit51>
        <Filename Value="UserInterface/Forms/frrestoredatabases.pas"/>
        <IsPartOfProject Value="True"/>
        <ComponentName Value="frmRestoreDatabase"/>
        <HasResources Value="True"/>
        <ResourceBaseClass Value="Form"/>
      </Unit51>
      <Unit52>
        <Filename Value="Units/neuroot.pas"/>
        <IsPartOfProject Value="True"/>
      </Unit52>
      <Unit53>
        <Filename Value="UserInterface/Forms/frgetpasswd.pas"/>
        <IsPartOfProject Value="True"/>
        <ComponentName Value="frmGetPasswd"/>
        <HasResources Value="True"/>
        <ResourceBaseClass Value="Form"/>
      </Unit53>
      <Unit54>
        <Filename Value="UserInterface/Forms/frdownloadprogress.pas"/>
        <IsPartOfProject Value="True"/>
        <ComponentName Value="FrmDownloadProgress"/>
        <HasResources Value="True"/>
        <ResourceBaseClass Value="Form"/>
      </Unit54>
    </Units>
  </ProjectOptions>
  <CompilerOptions>
    <Version Value="11"/>
    <Target>
      <Filename Value="../Output/brewbuddy"/>
    </Target>
    <SearchPaths>
      <IncludeFiles Value="$(ProjOutDir)"/>
      <OtherUnitFiles Value="UserInterface/Forms;Units"/>
      <UnitOutputDirectory Value="../Output/units"/>
    </SearchPaths>
    <Parsing>
      <SyntaxOptions>
        <IncludeAssertionCode Value="True"/>
      </SyntaxOptions>
    </Parsing>
    <CodeGeneration>
      <Checks>
        <IOChecks Value="True"/>
        <RangeChecks Value="True"/>
        <OverflowChecks Value="True"/>
        <StackChecks Value="True"/>
      </Checks>
      <VerifyObjMethodCallValidity Value="True"/>
      <TargetCPU Value="i386"/>
      <TargetOS Value="win32"/>
      <Optimizations>
        <OptimizationLevel Value="0"/>
        <VariablesInRegisters Value="True"/>
      </Optimizations>
    </CodeGeneration>
    <Linking>
      <Debugging>
        <UseValgrind Value="True"/>
      </Debugging>
      <Options>
        <Win32>
          <GraphicApplication Value="True"/>
        </Win32>
      </Options>
    </Linking>
  </CompilerOptions>
  <Debugging>
    <Exceptions Count="4">
      <Item1>
        <Name Value="EAbort"/>
      </Item1>
      <Item2>
        <Name Value="ECodetoolError"/>
      </Item2>
      <Item3>
        <Name Value="EFOpenError"/>
      </Item3>
      <Item4>
        <Name Value="EReadError"/>
      </Item4>
    </Exceptions>
  </Debugging>
</CONFIG>
